
Microsoft Visual Studio Solution File, Format Version 12.00
# Visual Studio 2012
Project("{FAE04EC0-301F-11D3-BF4B-00C04F79EFBC}") = "NWS", "NWS\NWS.csproj", "{5E862A27-9983-4033-B48B-BF5EA39C7945}"
EndProject
Project("{FAE04EC0-301F-11D3-BF4B-00C04F79EFBC}") = "AdvisoryViewer", "AdvisoryViewer\AdvisoryViewer.csproj", "{4118426D-C7F3-40C1-8A28-2529CDD0DDEE}"
EndProject
Global
	GlobalSection(SolutionConfigurationPlatforms) = preSolution
		Debug|Any CPU = Debug|Any CPU
		Release|Any CPU = Release|Any CPU
	EndGlobalSection
	GlobalSection(ProjectConfigurationPlatforms) = postSolution
		{5E862A27-9983-4033-B48B-BF5EA39C7945}.Debug|Any CPU.ActiveCfg = Debug|Any CPU
		{5E862A27-9983-4033-B48B-BF5EA39C7945}.Debug|Any CPU.Build.0 = Debug|Any CPU
		{5E862A27-9983-4033-B48B-BF5EA39C7945}.Release|Any CPU.ActiveCfg = Release|Any CPU
		{5E862A27-9983-4033-B48B-BF5EA39C7945}.Release|Any CPU.Build.0 = Release|Any CPU
		{4118426D-C7F3-40C1-8A28-2529CDD0DDEE}.Debug|Any CPU.ActiveCfg = Debug|Any CPU
		{4118426D-C7F3-40C1-8A28-2529CDD0DDEE}.Debug|Any CPU.Build.0 = Debug|Any CPU
		{4118426D-C7F3-40C1-8A28-2529CDD0DDEE}.Release|Any CPU.ActiveCfg = Release|Any CPU
		{4118426D-C7F3-40C1-8A28-2529CDD0DDEE}.Release|Any CPU.Build.0 = Release|Any CPU
	EndGlobalSection
	GlobalSection(SolutionProperties) = preSolution
		HideSolutionNode = FALSE
	EndGlobalSection
EndGlobal
